
Microsoft Visual Studio Solution File, Format Version 12.00
# Visual Studio Version 16
VisualStudioVersion = 16.0.29920.165
MinimumVisualStudioVersion = 10.0.40219.1
Project("{9A19103F-16F7-4668-BE54-9A1E7A4F7556}") = "Flottapp.WebApi", "Flottapp.WebApi\Flottapp.WebApi.csproj", "{F237CB84-9C3D-4698-AC67-10B1A87C3944}"
EndProject
Project("{9A19103F-16F7-4668-BE54-9A1E7A4F7556}") = "Flottapp.Domain", "Flottapp.Domain\Flottapp.Domain.csproj", "{9679AB43-11B6-40BB-B1E3-C4EB9EE18E29}"
EndProject
Project("{9A19103F-16F7-4668-BE54-9A1E7A4F7556}") = "Flottapp.Application", "Flottapp.Application\Flottapp.Application.csproj", "{4EE72990-2EAB-42E2-B380-A762C97D15C9}"
EndProject
Project("{9A19103F-16F7-4668-BE54-9A1E7A4F7556}") = "Flottapp.Infrastructure.MongoDb", "Flottapp.Infrastructure.MongoDb\Flottapp.Infrastructure.MongoDb.csproj", "{D8D5BF67-286C-4677-B24F-10C20B6231C1}"
EndProject
Project("{9A19103F-16F7-4668-BE54-9A1E7A4F7556}") = "ThirdPartyAuth", "ThirdPartyAuth\ThirdPartyAuth.csproj", "{052B3DDF-B7BC-437A-B29F-589F380DAA06}"
EndProject
Project("{FAE04EC0-301F-11D3-BF4B-00C04F79EFBC}") = "Flottapp.Model", "Flottapp.Model\Flottapp.Model.csproj", "{634DA4C1-20E1-4514-BA6A-BF6E08F52308}"
EndProject
Project("{FAE04EC0-301F-11D3-BF4B-00C04F79EFBC}") = "Flottapp.UnitTests", "Flottapp.UnitTests\Flottapp.UnitTests.csproj", "{10F0F3E5-F6D3-4312-A726-2072C4D591AF}"
EndProject
Global
	GlobalSection(SolutionConfigurationPlatforms) = preSolution
		Debug|Any CPU = Debug|Any CPU
		Release|Any CPU = Release|Any CPU
	EndGlobalSection
	GlobalSection(ProjectConfigurationPlatforms) = postSolution
		{F237CB84-9C3D-4698-AC67-10B1A87C3944}.Debug|Any CPU.ActiveCfg = Debug|Any CPU
		{F237CB84-9C3D-4698-AC67-10B1A87C3944}.Debug|Any CPU.Build.0 = Debug|Any CPU
		{F237CB84-9C3D-4698-AC67-10B1A87C3944}.Release|Any CPU.ActiveCfg = Release|Any CPU
		{F237CB84-9C3D-4698-AC67-10B1A87C3944}.Release|Any CPU.Build.0 = Release|Any CPU
		{9679AB43-11B6-40BB-B1E3-C4EB9EE18E29}.Debug|Any CPU.ActiveCfg = Debug|Any CPU
		{9679AB43-11B6-40BB-B1E3-C4EB9EE18E29}.Debug|Any CPU.Build.0 = Debug|Any CPU
		{9679AB43-11B6-40BB-B1E3-C4EB9EE18E29}.Release|Any CPU.ActiveCfg = Release|Any CPU
		{9679AB43-11B6-40BB-B1E3-C4EB9EE18E29}.Release|Any CPU.Build.0 = Release|Any CPU
		{4EE72990-2EAB-42E2-B380-A762C97D15C9}.Debug|Any CPU.ActiveCfg = Debug|Any CPU
		{4EE72990-2EAB-42E2-B380-A762C97D15C9}.Debug|Any CPU.Build.0 = Debug|Any CPU
		{4EE72990-2EAB-42E2-B380-A762C97D15C9}.Release|Any CPU.ActiveCfg = Release|Any CPU
		{4EE72990-2EAB-42E2-B380-A762C97D15C9}.Release|Any CPU.Build.0 = Release|Any CPU
		{D8D5BF67-286C-4677-B24F-10C20B6231C1}.Debug|Any CPU.ActiveCfg = Debug|Any CPU
		{D8D5BF67-286C-4677-B24F-10C20B6231C1}.Debug|Any CPU.Build.0 = Debug|Any CPU
		{D8D5BF67-286C-4677-B24F-10C20B6231C1}.Release|Any CPU.ActiveCfg = Release|Any CPU
		{D8D5BF67-286C-4677-B24F-10C20B6231C1}.Release|Any CPU.Build.0 = Release|Any CPU
		{052B3DDF-B7BC-437A-B29F-589F380DAA06}.Debug|Any CPU.ActiveCfg = Debug|Any CPU
		{052B3DDF-B7BC-437A-B29F-589F380DAA06}.Debug|Any CPU.Build.0 = Debug|Any CPU
		{052B3DDF-B7BC-437A-B29F-589F380DAA06}.Release|Any CPU.ActiveCfg = Release|Any CPU
		{052B3DDF-B7BC-437A-B29F-589F380DAA06}.Release|Any CPU.Build.0 = Release|Any CPU
		{634DA4C1-20E1-4514-BA6A-BF6E08F52308}.Debug|Any CPU.ActiveCfg = Debug|Any CPU
		{634DA4C1-20E1-4514-BA6A-BF6E08F52308}.Debug|Any CPU.Build.0 = Debug|Any CPU
		{634DA4C1-20E1-4514-BA6A-BF6E08F52308}.Release|Any CPU.ActiveCfg = Release|Any CPU
		{634DA4C1-20E1-4514-BA6A-BF6E08F52308}.Release|Any CPU.Build.0 = Release|Any CPU
		{10F0F3E5-F6D3-4312-A726-2072C4D591AF}.Debug|Any CPU.ActiveCfg = Debug|Any CPU
		{10F0F3E5-F6D3-4312-A726-2072C4D591AF}.Debug|Any CPU.Build.0 = Debug|Any CPU
		{10F0F3E5-F6D3-4312-A726-2072C4D591AF}.Release|Any CPU.ActiveCfg = Release|Any CPU
		{10F0F3E5-F6D3-4312-A726-2072C4D591AF}.Release|Any CPU.Build.0 = Release|Any CPU
	EndGlobalSection
	GlobalSection(SolutionProperties) = preSolution
		HideSolutionNode = FALSE
	EndGlobalSection
	GlobalSection(ExtensibilityGlobals) = postSolution
		SolutionGuid = {4EA9B73A-A779-4B25-B75D-4936A5DAEF49}
	EndGlobalSection
EndGlobal
